// !$*UTF8*$!
{
	archiveVersion = 1;
	classes = {
	};
	objectVersion = 56;
	objects = {

/* Begin PBXBuildFile section */
		D420CDE829432C1A00293EDB /* AppDelegate.swift in Sources */ = {isa = PBXBuildFile; fileRef = D420CDE729432C1A00293EDB /* AppDelegate.swift */; };
		D420CDEA29432C1A00293EDB /* SceneDelegate.swift in Sources */ = {isa = PBXBuildFile; fileRef = D420CDE929432C1A00293EDB /* SceneDelegate.swift */; };
		D420CDEC29432C1A00293EDB /* MainTabBarViewController.swift in Sources */ = {isa = PBXBuildFile; fileRef = D420CDEB29432C1A00293EDB /* MainTabBarViewController.swift */; };
		D420CDF129432C1B00293EDB /* Assets.xcassets in Resources */ = {isa = PBXBuildFile; fileRef = D420CDF029432C1B00293EDB /* Assets.xcassets */; };
		D420CDF429432C1B00293EDB /* LaunchScreen.storyboard in Resources */ = {isa = PBXBuildFile; fileRef = D420CDF229432C1B00293EDB /* LaunchScreen.storyboard */; };
		D420CE04294330AB00293EDB /* HomeViewController.swift in Sources */ = {isa = PBXBuildFile; fileRef = D420CE03294330AB00293EDB /* HomeViewController.swift */; };
		D420CE06294330C200293EDB /* UpcomingViewController.swift in Sources */ = {isa = PBXBuildFile; fileRef = D420CE05294330C200293EDB /* UpcomingViewController.swift */; };
		D420CE08294330CF00293EDB /* SearchViewController.swift in Sources */ = {isa = PBXBuildFile; fileRef = D420CE07294330CF00293EDB /* SearchViewController.swift */; };
		D420CE0A294330DE00293EDB /* DownloadsViewController.swift in Sources */ = {isa = PBXBuildFile; fileRef = D420CE09294330DE00293EDB /* DownloadsViewController.swift */; };
		D420CE542946550800293EDB /* CollectionViewTableViewCell.swift in Sources */ = {isa = PBXBuildFile; fileRef = D420CE532946550800293EDB /* CollectionViewTableViewCell.swift */; };
		D420CE562948FD9000293EDB /* HeroHeaderUIView.swift in Sources */ = {isa = PBXBuildFile; fileRef = D420CE552948FD9000293EDB /* HeroHeaderUIView.swift */; };
		D420CE58294A203300293EDB /* APICaller.swift in Sources */ = {isa = PBXBuildFile; fileRef = D420CE57294A203300293EDB /* APICaller.swift */; };
		D420CE5A294CAB0A00293EDB /* Title.swift in Sources */ = {isa = PBXBuildFile; fileRef = D420CE59294CAB0A00293EDB /* Title.swift */; };
		D48BF6F1294E576E00125E7E /* SDWebImage in Frameworks */ = {isa = PBXBuildFile; productRef = D48BF6F0294E576E00125E7E /* SDWebImage */; };
		D48BF6F3294E576E00125E7E /* SDWebImageMapKit in Frameworks */ = {isa = PBXBuildFile; productRef = D48BF6F2294E576E00125E7E /* SDWebImageMapKit */; };
		D48BF6F629524BE500125E7E /* TitleCollectionViewCell.swift in Sources */ = {isa = PBXBuildFile; fileRef = D48BF6F529524BE500125E7E /* TitleCollectionViewCell.swift */; };
		D48BF7A22957FB4600125E7E /* TitleViewModel.swift in Sources */ = {isa = PBXBuildFile; fileRef = D48BF7A12957FB4600125E7E /* TitleViewModel.swift */; };
		D48BF7A42957FBD500125E7E /* TitleTableViewCell.swift in Sources */ = {isa = PBXBuildFile; fileRef = D48BF7A32957FBD500125E7E /* TitleTableViewCell.swift */; };
		D48BF7A9295A4A9A00125E7E /* SearchResultsViewController.swift in Sources */ = {isa = PBXBuildFile; fileRef = D48BF7A8295A4A9A00125E7E /* SearchResultsViewController.swift */; };
		D48BF7FE295B90A600125E7E /* YoutubeSearchResponse.swift in Sources */ = {isa = PBXBuildFile; fileRef = D48BF7FD295B90A600125E7E /* YoutubeSearchResponse.swift */; };
		D48BF800295CB79500125E7E /* TitlePreviewViewController.swift in Sources */ = {isa = PBXBuildFile; fileRef = D48BF7FF295CB79500125E7E /* TitlePreviewViewController.swift */; };
		D48BF802295EF1F000125E7E /* TitlePreviewViewModel.swift in Sources */ = {isa = PBXBuildFile; fileRef = D48BF801295EF1F000125E7E /* TitlePreviewViewModel.swift */; };
/* End PBXBuildFile section */

/* Begin PBXFileReference section */
		D420CDE429432C1A00293EDB /* Netflix Clone.app */ = {isa = PBXFileReference; explicitFileType = wrapper.application; includeInIndex = 0; path = "Netflix Clone.app"; sourceTree = BUILT_PRODUCTS_DIR; };
		D420CDE729432C1A00293EDB /* AppDelegate.swift */ = {isa = PBXFileReference; lastKnownFileType = sourcecode.swift; path = AppDelegate.swift; sourceTree = "<group>"; };
		D420CDE929432C1A00293EDB /* SceneDelegate.swift */ = {isa = PBXFileReference; lastKnownFileType = sourcecode.swift; path = SceneDelegate.swift; sourceTree = "<group>"; };
		D420CDEB29432C1A00293EDB /* MainTabBarViewController.swift */ = {isa = PBXFileReference; lastKnownFileType = sourcecode.swift; path = MainTabBarViewController.swift; sourceTree = "<group>"; };
		D420CDF029432C1B00293EDB /* Assets.xcassets */ = {isa = PBXFileReference; lastKnownFileType = folder.assetcatalog; path = Assets.xcassets; sourceTree = "<group>"; };
		D420CDF329432C1B00293EDB /* Base */ = {isa = PBXFileReference; lastKnownFileType = file.storyboard; name = Base; path = Base.lproj/LaunchScreen.storyboard; sourceTree = "<group>"; };
		D420CDF529432C1B00293EDB /* Info.plist */ = {isa = PBXFileReference; lastKnownFileType = text.plist.xml; path = Info.plist; sourceTree = "<group>"; };
		D420CE03294330AB00293EDB /* HomeViewController.swift */ = {isa = PBXFileReference; lastKnownFileType = sourcecode.swift; path = HomeViewController.swift; sourceTree = "<group>"; };
		D420CE05294330C200293EDB /* UpcomingViewController.swift */ = {isa = PBXFileReference; lastKnownFileType = sourcecode.swift; path = UpcomingViewController.swift; sourceTree = "<group>"; };
		D420CE07294330CF00293EDB /* SearchViewController.swift */ = {isa = PBXFileReference; lastKnownFileType = sourcecode.swift; path = SearchViewController.swift; sourceTree = "<group>"; };
		D420CE09294330DE00293EDB /* DownloadsViewController.swift */ = {isa = PBXFileReference; lastKnownFileType = sourcecode.swift; path = DownloadsViewController.swift; sourceTree = "<group>"; };
		D420CE532946550800293EDB /* CollectionViewTableViewCell.swift */ = {isa = PBXFileReference; lastKnownFileType = sourcecode.swift; path = CollectionViewTableViewCell.swift; sourceTree = "<group>"; };
		D420CE552948FD9000293EDB /* HeroHeaderUIView.swift */ = {isa = PBXFileReference; lastKnownFileType = sourcecode.swift; path = HeroHeaderUIView.swift; sourceTree = "<group>"; };
		D420CE57294A203300293EDB /* APICaller.swift */ = {isa = PBXFileReference; lastKnownFileType = sourcecode.swift; path = APICaller.swift; sourceTree = "<group>"; };
		D420CE59294CAB0A00293EDB /* Title.swift */ = {isa = PBXFileReference; lastKnownFileType = sourcecode.swift; path = Title.swift; sourceTree = "<group>"; };
		D48BF6F529524BE500125E7E /* TitleCollectionViewCell.swift */ = {isa = PBXFileReference; lastKnownFileType = sourcecode.swift; path = TitleCollectionViewCell.swift; sourceTree = "<group>"; };
		D48BF7A12957FB4600125E7E /* TitleViewModel.swift */ = {isa = PBXFileReference; lastKnownFileType = sourcecode.swift; path = TitleViewModel.swift; sourceTree = "<group>"; };
		D48BF7A32957FBD500125E7E /* TitleTableViewCell.swift */ = {isa = PBXFileReference; lastKnownFileType = sourcecode.swift; path = TitleTableViewCell.swift; sourceTree = "<group>"; };
		D48BF7A8295A4A9A00125E7E /* SearchResultsViewController.swift */ = {isa = PBXFileReference; lastKnownFileType = sourcecode.swift; path = SearchResultsViewController.swift; sourceTree = "<group>"; };
		D48BF7FD295B90A600125E7E /* YoutubeSearchResponse.swift */ = {isa = PBXFileReference; lastKnownFileType = sourcecode.swift; path = YoutubeSearchResponse.swift; sourceTree = "<group>"; };
		D48BF7FF295CB79500125E7E /* TitlePreviewViewController.swift */ = {isa = PBXFileReference; lastKnownFileType = sourcecode.swift; path = TitlePreviewViewController.swift; sourceTree = "<group>"; };
		D48BF801295EF1F000125E7E /* TitlePreviewViewModel.swift */ = {isa = PBXFileReference; lastKnownFileType = sourcecode.swift; path = TitlePreviewViewModel.swift; sourceTree = "<group>"; };
/* End PBXFileReference section */

/* Begin PBXFrameworksBuildPhase section */
		D420CDE129432C1A00293EDB /* Frameworks */ = {
			isa = PBXFrameworksBuildPhase;
			buildActionMask = 2147483647;
			files = (
				D48BF6F3294E576E00125E7E /* SDWebImageMapKit in Frameworks */,
				D48BF6F1294E576E00125E7E /* SDWebImage in Frameworks */,
			);
			runOnlyForDeploymentPostprocessing = 0;
		};
/* End PBXFrameworksBuildPhase section */

/* Begin PBXGroup section */
		D420CDDB29432C1A00293EDB = {
			isa = PBXGroup;
			children = (
				D420CDE629432C1A00293EDB /* Netflix Clone */,
				D420CDE529432C1A00293EDB /* Products */,
			);
			sourceTree = "<group>";
		};
		D420CDE529432C1A00293EDB /* Products */ = {
			isa = PBXGroup;
			children = (
				D420CDE429432C1A00293EDB /* Netflix Clone.app */,
			);
			name = Products;
			sourceTree = "<group>";
		};
		D420CDE629432C1A00293EDB /* Netflix Clone */ = {
			isa = PBXGroup;
			children = (
				D420CE5229458D3900293EDB /* Managers */,
				D420CE5129458D2100293EDB /* Resources */,
				D420CE4E29458C9D00293EDB /* Models */,
				D420CE5029458CB600293EDB /* Views */,
				D420CE4F29458CA500293EDB /* ViewModels */,
				D420CDFC29432ED200293EDB /* Controllers */,
				D420CDE729432C1A00293EDB /* AppDelegate.swift */,
				D420CDE929432C1A00293EDB /* SceneDelegate.swift */,
				D420CDEB29432C1A00293EDB /* MainTabBarViewController.swift */,
				D420CDF029432C1B00293EDB /* Assets.xcassets */,
				D420CDF229432C1B00293EDB /* LaunchScreen.storyboard */,
				D420CDF529432C1B00293EDB /* Info.plist */,
			);
			path = "Netflix Clone";
			sourceTree = "<group>";
		};
		D420CDFC29432ED200293EDB /* Controllers */ = {
			isa = PBXGroup;
			children = (
				D48BF7A7295A4A5000125E7E /* General */,
				D48BF7A6295A4A4700125E7E /* Core */,
			);
			path = Controllers;
			sourceTree = "<group>";
		};
		D420CE4E29458C9D00293EDB /* Models */ = {
			isa = PBXGroup;
			children = (
				D420CE59294CAB0A00293EDB /* Title.swift */,
				D48BF7FD295B90A600125E7E /* YoutubeSearchResponse.swift */,
			);
			path = Models;
			sourceTree = "<group>";
		};
		D420CE4F29458CA500293EDB /* ViewModels */ = {
			isa = PBXGroup;
			children = (
				D48BF7A12957FB4600125E7E /* TitleViewModel.swift */,
				D48BF801295EF1F000125E7E /* TitlePreviewViewModel.swift */,
			);
			path = ViewModels;
			sourceTree = "<group>";
		};
		D420CE5029458CB600293EDB /* Views */ = {
			isa = PBXGroup;
			children = (
				D420CE532946550800293EDB /* CollectionViewTableViewCell.swift */,
				D420CE552948FD9000293EDB /* HeroHeaderUIView.swift */,
				D48BF6F529524BE500125E7E /* TitleCollectionViewCell.swift */,
				D48BF7A32957FBD500125E7E /* TitleTableViewCell.swift */,
			);
			path = Views;
			sourceTree = "<group>";
		};
		D420CE5129458D2100293EDB /* Resources */ = {
			isa = PBXGroup;
			children = (
			);
			path = Resources;
			sourceTree = "<group>";
		};
		D420CE5229458D3900293EDB /* Managers */ = {
			isa = PBXGroup;
			children = (
				D420CE57294A203300293EDB /* APICaller.swift */,
			);
			path = Managers;
			sourceTree = "<group>";
		};
		D48BF7A6295A4A4700125E7E /* Core */ = {
			isa = PBXGroup;
			children = (
				D420CE03294330AB00293EDB /* HomeViewController.swift */,
				D420CE05294330C200293EDB /* UpcomingViewController.swift */,
				D420CE07294330CF00293EDB /* SearchViewController.swift */,
				D420CE09294330DE00293EDB /* DownloadsViewController.swift */,
			);
			path = Core;
			sourceTree = "<group>";
		};
		D48BF7A7295A4A5000125E7E /* General */ = {
			isa = PBXGroup;
			children = (
				D48BF7A8295A4A9A00125E7E /* SearchResultsViewController.swift */,
				D48BF7FF295CB79500125E7E /* TitlePreviewViewController.swift */,
			);
			path = General;
			sourceTree = "<group>";
		};
/* End PBXGroup section */

/* Begin PBXNativeTarget section */
		D420CDE329432C1A00293EDB /* Netflix Clone */ = {
			isa = PBXNativeTarget;
			buildConfigurationList = D420CDF829432C1B00293EDB /* Build configuration list for PBXNativeTarget "Netflix Clone" */;
			buildPhases = (
				D420CDE029432C1A00293EDB /* Sources */,
				D420CDE129432C1A00293EDB /* Frameworks */,
				D420CDE229432C1A00293EDB /* Resources */,
			);
			buildRules = (
			);
			dependencies = (
			);
			name = "Netflix Clone";
			packageProductDependencies = (
				D48BF6F0294E576E00125E7E /* SDWebImage */,
				D48BF6F2294E576E00125E7E /* SDWebImageMapKit */,
			);
			productName = "Netflix Clone";
			productReference = D420CDE429432C1A00293EDB /* Netflix Clone.app */;
			productType = "com.apple.product-type.application";
		};
/* End PBXNativeTarget section */

/* Begin PBXProject section */
		D420CDDC29432C1A00293EDB /* Project object */ = {
			isa = PBXProject;
			attributes = {
				BuildIndependentTargetsInParallel = 1;
				LastSwiftUpdateCheck = 1410;
				LastUpgradeCheck = 1410;
				TargetAttributes = {
					D420CDE329432C1A00293EDB = {
						CreatedOnToolsVersion = 14.1;
					};
				};
			};
			buildConfigurationList = D420CDDF29432C1A00293EDB /* Build configuration list for PBXProject "Netflix Clone" */;
			compatibilityVersion = "Xcode 14.0";
			developmentRegion = en;
			hasScannedForEncodings = 0;
			knownRegions = (
				en,
				Base,
			);
			mainGroup = D420CDDB29432C1A00293EDB;
			packageReferences = (
				D48BF6EF294E576E00125E7E /* XCRemoteSwiftPackageReference "SDWebImage" */,
			);
			productRefGroup = D420CDE529432C1A00293EDB /* Products */;
			projectDirPath = "";
			projectRoot = "";
			targets = (
				D420CDE329432C1A00293EDB /* Netflix Clone */,
			);
		};
/* End PBXProject section */

/* Begin PBXResourcesBuildPhase section */
		D420CDE229432C1A00293EDB /* Resources */ = {
			isa = PBXResourcesBuildPhase;
			buildActionMask = 2147483647;
			files = (
				D420CDF429432C1B00293EDB /* LaunchScreen.storyboard in Resources */,
				D420CDF129432C1B00293EDB /* Assets.xcassets in Resources */,
			);
			runOnlyForDeploymentPostprocessing = 0;
		};
/* End PBXResourcesBuildPhase section */

/* Begin PBXSourcesBuildPhase section */
		D420CDE029432C1A00293EDB /* Sources */ = {
			isa = PBXSourcesBuildPhase;
			buildActionMask = 2147483647;
			files = (
				D48BF802295EF1F000125E7E /* TitlePreviewViewModel.swift in Sources */,
				D48BF7A42957FBD500125E7E /* TitleTableViewCell.swift in Sources */,
				D420CE08294330CF00293EDB /* SearchViewController.swift in Sources */,
				D48BF800295CB79500125E7E /* TitlePreviewViewController.swift in Sources */,
				D420CDEC29432C1A00293EDB /* MainTabBarViewController.swift in Sources */,
				D420CE542946550800293EDB /* CollectionViewTableViewCell.swift in Sources */,
				D48BF7A9295A4A9A00125E7E /* SearchResultsViewController.swift in Sources */,
				D420CE58294A203300293EDB /* APICaller.swift in Sources */,
				D420CE562948FD9000293EDB /* HeroHeaderUIView.swift in Sources */,
				D420CE0A294330DE00293EDB /* DownloadsViewController.swift in Sources */,
				D48BF7FE295B90A600125E7E /* YoutubeSearchResponse.swift in Sources */,
				D420CDE829432C1A00293EDB /* AppDelegate.swift in Sources */,
				D420CDEA29432C1A00293EDB /* SceneDelegate.swift in Sources */,
				D420CE06294330C200293EDB /* UpcomingViewController.swift in Sources */,
				D48BF6F629524BE500125E7E /* TitleCollectionViewCell.swift in Sources */,
				D420CE5A294CAB0A00293EDB /* Title.swift in Sources */,
				D420CE04294330AB00293EDB /* HomeViewController.swift in Sources */,
				D48BF7A22957FB4600125E7E /* TitleViewModel.swift in Sources */,
			);
			runOnlyForDeploymentPostprocessing = 0;
		};
/* End PBXSourcesBuildPhase section */

/* Begin PBXVariantGroup section */
		D420CDF229432C1B00293EDB /* LaunchScreen.storyboard */ = {
			isa = PBXVariantGroup;
			children = (
				D420CDF329432C1B00293EDB /* Base */,
			);
			name = LaunchScreen.storyboard;
			sourceTree = "<group>";
		};
/* End PBXVariantGroup section */

/* Begin XCBuildConfiguration section */
		D420CDF629432C1B00293EDB /* Debug */ = {
			isa = XCBuildConfiguration;
			buildSettings = {
				ALWAYS_SEARCH_USER_PATHS = NO;
				CLANG_ANALYZER_NONNULL = YES;
				CLANG_ANALYZER_NUMBER_OBJECT_CONVERSION = YES_AGGRESSIVE;
				CLANG_CXX_LANGUAGE_STANDARD = "gnu++20";
				CLANG_ENABLE_MODULES = YES;
				CLANG_ENABLE_OBJC_ARC = YES;
				CLANG_ENABLE_OBJC_WEAK = YES;
				CLANG_WARN_BLOCK_CAPTURE_AUTORELEASING = YES;
				CLANG_WARN_BOOL_CONVERSION = YES;
				CLANG_WARN_COMMA = YES;
				CLANG_WARN_CONSTANT_CONVERSION = YES;
				CLANG_WARN_DEPRECATED_OBJC_IMPLEMENTATIONS = YES;
				CLANG_WARN_DIRECT_OBJC_ISA_USAGE = YES_ERROR;
				CLANG_WARN_DOCUMENTATION_COMMENTS = YES;
				CLANG_WARN_EMPTY_BODY = YES;
				CLANG_WARN_ENUM_CONVERSION = YES;
				CLANG_WARN_INFINITE_RECURSION = YES;
				CLANG_WARN_INT_CONVERSION = YES;
				CLANG_WARN_NON_LITERAL_NULL_CONVERSION = YES;
				CLANG_WARN_OBJC_IMPLICIT_RETAIN_SELF = YES;
				CLANG_WARN_OBJC_LITERAL_CONVERSION = YES;
				CLANG_WARN_OBJC_ROOT_CLASS = YES_ERROR;
				CLANG_WARN_QUOTED_INCLUDE_IN_FRAMEWORK_HEADER = YES;
				CLANG_WARN_RANGE_LOOP_ANALYSIS = YES;
				CLANG_WARN_STRICT_PROTOTYPES = YES;
				CLANG_WARN_SUSPICIOUS_MOVE = YES;
				CLANG_WARN_UNGUARDED_AVAILABILITY = YES_AGGRESSIVE;
				CLANG_WARN_UNREACHABLE_CODE = YES;
				CLANG_WARN__DUPLICATE_METHOD_MATCH = YES;
				COPY_PHASE_STRIP = NO;
				DEBUG_INFORMATION_FORMAT = dwarf;
				ENABLE_STRICT_OBJC_MSGSEND = YES;
				ENABLE_TESTABILITY = YES;
				GCC_C_LANGUAGE_STANDARD = gnu11;
				GCC_DYNAMIC_NO_PIC = NO;
				GCC_NO_COMMON_BLOCKS = YES;
				GCC_OPTIMIZATION_LEVEL = 0;
				GCC_PREPROCESSOR_DEFINITIONS = (
					"DEBUG=1",
					"$(inherited)",
				);
				GCC_WARN_64_TO_32_BIT_CONVERSION = YES;
				GCC_WARN_ABOUT_RETURN_TYPE = YES_ERROR;
				GCC_WARN_UNDECLARED_SELECTOR = YES;
				GCC_WARN_UNINITIALIZED_AUTOS = YES_AGGRESSIVE;
				GCC_WARN_UNUSED_FUNCTION = YES;
				GCC_WARN_UNUSED_VARIABLE = YES;
				IPHONEOS_DEPLOYMENT_TARGET = 16.1;
				MTL_ENABLE_DEBUG_INFO = INCLUDE_SOURCE;
				MTL_FAST_MATH = YES;
				ONLY_ACTIVE_ARCH = YES;
				SDKROOT = iphoneos;
				SWIFT_ACTIVE_COMPILATION_CONDITIONS = DEBUG;
				SWIFT_OPTIMIZATION_LEVEL = "-Onone";
			};
			name = Debug;
		};
		D420CDF729432C1B00293EDB /* Release */ = {
			isa = XCBuildConfiguration;
			buildSettings = {
				ALWAYS_SEARCH_USER_PATHS = NO;
				CLANG_ANALYZER_NONNULL = YES;
				CLANG_ANALYZER_NUMBER_OBJECT_CONVERSION = YES_AGGRESSIVE;
				CLANG_CXX_LANGUAGE_STANDARD = "gnu++20";
				CLANG_ENABLE_MODULES = YES;
				CLANG_ENABLE_OBJC_ARC = YES;
				CLANG_ENABLE_OBJC_WEAK = YES;
				CLANG_WARN_BLOCK_CAPTURE_AUTORELEASING = YES;
				CLANG_WARN_BOOL_CONVERSION = YES;
				CLANG_WARN_COMMA = YES;
				CLANG_WARN_CONSTANT_CONVERSION = YES;
				CLANG_WARN_DEPRECATED_OBJC_IMPLEMENTATIONS = YES;
				CLANG_WARN_DIRECT_OBJC_ISA_USAGE = YES_ERROR;
				CLANG_WARN_DOCUMENTATION_COMMENTS = YES;
				CLANG_WARN_EMPTY_BODY = YES;
				CLANG_WARN_ENUM_CONVERSION = YES;
				CLANG_WARN_INFINITE_RECURSION = YES;
				CLANG_WARN_INT_CONVERSION = YES;
				CLANG_WARN_NON_LITERAL_NULL_CONVERSION = YES;
				CLANG_WARN_OBJC_IMPLICIT_RETAIN_SELF = YES;
				CLANG_WARN_OBJC_LITERAL_CONVERSION = YES;
				CLANG_WARN_OBJC_ROOT_CLASS = YES_ERROR;
				CLANG_WARN_QUOTED_INCLUDE_IN_FRAMEWORK_HEADER = YES;
				CLANG_WARN_RANGE_LOOP_ANALYSIS = YES;
				CLANG_WARN_STRICT_PROTOTYPES = YES;
				CLANG_WARN_SUSPICIOUS_MOVE = YES;
				CLANG_WARN_UNGUARDED_AVAILABILITY = YES_AGGRESSIVE;
				CLANG_WARN_UNREACHABLE_CODE = YES;
				CLANG_WARN__DUPLICATE_METHOD_MATCH = YES;
				COPY_PHASE_STRIP = NO;
				DEBUG_INFORMATION_FORMAT = "dwarf-with-dsym";
				ENABLE_NS_ASSERTIONS = NO;
				ENABLE_STRICT_OBJC_MSGSEND = YES;
				GCC_C_LANGUAGE_STANDARD = gnu11;
				GCC_NO_COMMON_BLOCKS = YES;
				GCC_WARN_64_TO_32_BIT_CONVERSION = YES;
				GCC_WARN_ABOUT_RETURN_TYPE = YES_ERROR;
				GCC_WARN_UNDECLARED_SELECTOR = YES;
				GCC_WARN_UNINITIALIZED_AUTOS = YES_AGGRESSIVE;
				GCC_WARN_UNUSED_FUNCTION = YES;
				GCC_WARN_UNUSED_VARIABLE = YES;
				IPHONEOS_DEPLOYMENT_TARGET = 16.1;
				MTL_ENABLE_DEBUG_INFO = NO;
				MTL_FAST_MATH = YES;
				SDKROOT = iphoneos;
				SWIFT_COMPILATION_MODE = wholemodule;
				SWIFT_OPTIMIZATION_LEVEL = "-O";
				VALIDATE_PRODUCT = YES;
			};
			name = Release;
		};
		D420CDF929432C1B00293EDB /* Debug */ = {
			isa = XCBuildConfiguration;
			buildSettings = {
				ASSETCATALOG_COMPILER_APPICON_NAME = AppIcon;
				ASSETCATALOG_COMPILER_GLOBAL_ACCENT_COLOR_NAME = AccentColor;
				CODE_SIGN_STYLE = Automatic;
				CURRENT_PROJECT_VERSION = 1;
				DEVELOPMENT_TEAM = 373Z282HAT;
				GENERATE_INFOPLIST_FILE = YES;
				INFOPLIST_FILE = "Netflix Clone/Info.plist";
				INFOPLIST_KEY_UIApplicationSupportsIndirectInputEvents = YES;
				INFOPLIST_KEY_UILaunchStoryboardName = LaunchScreen;
				INFOPLIST_KEY_UIMainStoryboardFile = "";
				INFOPLIST_KEY_UISupportedInterfaceOrientations_iPad = "UIInterfaceOrientationPortrait UIInterfaceOrientationPortraitUpsideDown UIInterfaceOrientationLandscapeLeft UIInterfaceOrientationLandscapeRight";
				INFOPLIST_KEY_UISupportedInterfaceOrientations_iPhone = "UIInterfaceOrientationPortrait UIInterfaceOrientationLandscapeLeft UIInterfaceOrientationLandscapeRight";
				LD_RUNPATH_SEARCH_PATHS = (
					"$(inherited)",
					"@executable_path/Frameworks",
				);
				MARKETING_VERSION = 1.0;
				PRODUCT_BUNDLE_IDENTIFIER = "com.hakanbaran.Netflix-Clone";
				PRODUCT_NAME = "$(TARGET_NAME)";
				SWIFT_EMIT_LOC_STRINGS = YES;
				SWIFT_VERSION = 5.0;
				TARGETED_DEVICE_FAMILY = "1,2";
			};
			name = Debug;
		};
		D420CDFA29432C1B00293EDB /* Release */ = {
			isa = XCBuildConfiguration;
			buildSettings = {
				ASSETCATALOG_COMPILER_APPICON_NAME = AppIcon;
				ASSETCATALOG_COMPILER_GLOBAL_ACCENT_COLOR_NAME = AccentColor;
				CODE_SIGN_STYLE = Automatic;
				CURRENT_PROJECT_VERSION = 1;
				DEVELOPMENT_TEAM = 373Z282HAT;
				GENERATE_INFOPLIST_FILE = YES;
				INFOPLIST_FILE = "Netflix Clone/Info.plist";
				INFOPLIST_KEY_UIApplicationSupportsIndirectInputEvents = YES;
				INFOPLIST_KEY_UILaunchStoryboardName = LaunchScreen;
				INFOPLIST_KEY_UIMainStoryboardFile = "";
				INFOPLIST_KEY_UISupportedInterfaceOrientations_iPad = "UIInterfaceOrientationPortrait UIInterfaceOrientationPortraitUpsideDown UIInterfaceOrientationLandscapeLeft UIInterfaceOrientationLandscapeRight";
				INFOPLIST_KEY_UISupportedInterfaceOrientations_iPhone = "UIInterfaceOrientationPortrait UIInterfaceOrientationLandscapeLeft UIInterfaceOrientationLandscapeRight";
				LD_RUNPATH_SEARCH_PATHS = (
					"$(inherited)",
					"@executable_path/Frameworks",
				);
				MARKETING_VERSION = 1.0;
				PRODUCT_BUNDLE_IDENTIFIER = "com.hakanbaran.Netflix-Clone";
				PRODUCT_NAME = "$(TARGET_NAME)";
				SWIFT_EMIT_LOC_STRINGS = YES;
				SWIFT_VERSION = 5.0;
				TARGETED_DEVICE_FAMILY = "1,2";
			};
			name = Release;
		};
/* End XCBuildConfiguration section */

/* Begin XCConfigurationList section */
		D420CDDF29432C1A00293EDB /* Build configuration list for PBXProject "Netflix Clone" */ = {
			isa = XCConfigurationList;
			buildConfigurations = (
				D420CDF629432C1B00293EDB /* Debug */,
				D420CDF729432C1B00293EDB /* Release */,
			);
			defaultConfigurationIsVisible = 0;
			defaultConfigurationName = Release;
		};
		D420CDF829432C1B00293EDB /* Build configuration list for PBXNativeTarget "Netflix Clone" */ = {
			isa = XCConfigurationList;
			buildConfigurations = (
				D420CDF929432C1B00293EDB /* Debug */,
				D420CDFA29432C1B00293EDB /* Release */,
			);
			defaultConfigurationIsVisible = 0;
			defaultConfigurationName = Release;
		};
/* End XCConfigurationList section */

/* Begin XCRemoteSwiftPackageReference section */
		D48BF6EF294E576E00125E7E /* XCRemoteSwiftPackageReference "SDWebImage" */ = {
			isa = XCRemoteSwiftPackageReference;
			repositoryURL = "https://github.com/SDWebImage/SDWebImage.git";
			requirement = {
				kind = upToNextMajorVersion;
				minimumVersion = 5.0.0;
			};
		};
/* End XCRemoteSwiftPackageReference section */

/* Begin XCSwiftPackageProductDependency section */
		D48BF6F0294E576E00125E7E /* SDWebImage */ = {
			isa = XCSwiftPackageProductDependency;
			package = D48BF6EF294E576E00125E7E /* XCRemoteSwiftPackageReference "SDWebImage" */;
			productName = SDWebImage;
		};
		D48BF6F2294E576E00125E7E /* SDWebImageMapKit */ = {
			isa = XCSwiftPackageProductDependency;
			package = D48BF6EF294E576E00125E7E /* XCRemoteSwiftPackageReference "SDWebImage" */;
			productName = SDWebImageMapKit;
		};
/* End XCSwiftPackageProductDependency section */
	};
	rootObject = D420CDDC29432C1A00293EDB /* Project object */;
}
